
Microsoft Visual Studio Solution File, Format Version 12.00
# Visual Studio Version 16
VisualStudioVersion = 16.0.31727.386
MinimumVisualStudioVersion = 10.0.40219.1
Project("{9A19103F-16F7-4668-BE54-9A1E7A4F7556}") = "G1WRGM_HFT_2021221.Client", "G1WRGM_HFT_2021221.Client\G1WRGM_HFT_2021221.Client.csproj", "{2219A1B3-7126-474D-A524-F3AFB0FE44F8}"
EndProject
Project("{9A19103F-16F7-4668-BE54-9A1E7A4F7556}") = "G1WRGM_HFT_2021221.Models", "G1WRGM_HFT_2021221.Models\G1WRGM_HFT_2021221.Models.csproj", "{757EAC97-79F8-4B40-B4BC-B709CA09D0C4}"
EndProject
Project("{9A19103F-16F7-4668-BE54-9A1E7A4F7556}") = "G1WRGM_HFT_2021221.Data", "G1WRGM_HFT_2021221.Data\G1WRGM_HFT_2021221.Data.csproj", "{CE1812ED-2166-4568-B365-A0E56DB1A995}"
EndProject
Project("{9A19103F-16F7-4668-BE54-9A1E7A4F7556}") = "G1WRGM_HFT_2021221.Logic", "G1WRGM_HFT_2021221.Logic\G1WRGM_HFT_2021221.Logic.csproj", "{4C41E873-7D0C-4199-A9D7-88398DFAE65C}"
EndProject
Project("{9A19103F-16F7-4668-BE54-9A1E7A4F7556}") = "G1WRGM_HFT_2021221.Repository", "G1WRGM_HFT_2021221.Repository\G1WRGM_HFT_2021221.Repository.csproj", "{519224B2-32AF-485D-915E-A284886E4F20}"
EndProject
Project("{9A19103F-16F7-4668-BE54-9A1E7A4F7556}") = "G1WRGM_HFT_2021221.Test", "G1WRGM_HFT_2021221.Test\G1WRGM_HFT_2021221.Test.csproj", "{151DD5A5-2230-4F92-A02B-AE8AB2523B5E}"
EndProject
Project("{9A19103F-16F7-4668-BE54-9A1E7A4F7556}") = "G1WRGM_HFT_2021221.Endpoint", "G1WRGM_HFT_2021221.Endpoint\G1WRGM_HFT_2021221.Endpoint.csproj", "{892508EB-445F-41A8-B3A6-5E7C6CC8A66F}"
EndProject
Project("{2150E333-8FDC-42A3-9474-1A3956D46DE8}") = "Backend", "Backend", "{C0DC2F58-3581-4C35-B0B4-DC0E5DDDD41F}"
EndProject
Project("{2150E333-8FDC-42A3-9474-1A3956D46DE8}") = "Frontend", "Frontend", "{70E3AEA5-1533-4233-9529-0818E47F7E5F}"
EndProject
Project("{2150E333-8FDC-42A3-9474-1A3956D46DE8}") = "Shared", "Shared", "{23E57439-8B35-4316-9383-3F378EEDE3D6}"
EndProject
Project("{2150E333-8FDC-42A3-9474-1A3956D46DE8}") = "Others", "Others", "{3CB51337-750A-4FB2-888C-095459534D35}"
	ProjectSection(SolutionItems) = preProject
		.gitignore = .gitignore
	EndProjectSection
EndProject
Project("{9A19103F-16F7-4668-BE54-9A1E7A4F7556}") = "G1WRGM_HFT_20212202.Wpf.Client", "G1WRGM_HFT_20212202.Wpf.Client\G1WRGM_HFT_20212202.Wpf.Client.csproj", "{8FD56A70-4D08-4A2C-AE14-627108896A32}"
EndProject
Project("{FAE04EC0-301F-11D3-BF4B-00C04F79EFBC}") = "G1WRGM_HFT_20212202.JSClient", "G1WRGM_HFT_20212202.JSClient\G1WRGM_HFT_20212202.JSClient.csproj", "{BF90C03E-FEAF-4737-858C-3EB86CFDFA42}"
EndProject
Global
	GlobalSection(SolutionConfigurationPlatforms) = preSolution
		Debug|Any CPU = Debug|Any CPU
		Release|Any CPU = Release|Any CPU
	EndGlobalSection
	GlobalSection(ProjectConfigurationPlatforms) = postSolution
		{2219A1B3-7126-474D-A524-F3AFB0FE44F8}.Debug|Any CPU.ActiveCfg = Debug|Any CPU
		{2219A1B3-7126-474D-A524-F3AFB0FE44F8}.Debug|Any CPU.Build.0 = Debug|Any CPU
		{2219A1B3-7126-474D-A524-F3AFB0FE44F8}.Release|Any CPU.ActiveCfg = Release|Any CPU
		{2219A1B3-7126-474D-A524-F3AFB0FE44F8}.Release|Any CPU.Build.0 = Release|Any CPU
		{757EAC97-79F8-4B40-B4BC-B709CA09D0C4}.Debug|Any CPU.ActiveCfg = Debug|Any CPU
		{757EAC97-79F8-4B40-B4BC-B709CA09D0C4}.Debug|Any CPU.Build.0 = Debug|Any CPU
		{757EAC97-79F8-4B40-B4BC-B709CA09D0C4}.Release|Any CPU.ActiveCfg = Release|Any CPU
		{757EAC97-79F8-4B40-B4BC-B709CA09D0C4}.Release|Any CPU.Build.0 = Release|Any CPU
		{CE1812ED-2166-4568-B365-A0E56DB1A995}.Debug|Any CPU.ActiveCfg = Debug|Any CPU
		{CE1812ED-2166-4568-B365-A0E56DB1A995}.Debug|Any CPU.Build.0 = Debug|Any CPU
		{CE1812ED-2166-4568-B365-A0E56DB1A995}.Release|Any CPU.ActiveCfg = Release|Any CPU
		{CE1812ED-2166-4568-B365-A0E56DB1A995}.Release|Any CPU.Build.0 = Release|Any CPU
		{4C41E873-7D0C-4199-A9D7-88398DFAE65C}.Debug|Any CPU.ActiveCfg = Debug|Any CPU
		{4C41E873-7D0C-4199-A9D7-88398DFAE65C}.Debug|Any CPU.Build.0 = Debug|Any CPU
		{4C41E873-7D0C-4199-A9D7-88398DFAE65C}.Release|Any CPU.ActiveCfg = Release|Any CPU
		{4C41E873-7D0C-4199-A9D7-88398DFAE65C}.Release|Any CPU.Build.0 = Release|Any CPU
		{519224B2-32AF-485D-915E-A284886E4F20}.Debug|Any CPU.ActiveCfg = Debug|Any CPU
		{519224B2-32AF-485D-915E-A284886E4F20}.Debug|Any CPU.Build.0 = Debug|Any CPU
		{519224B2-32AF-485D-915E-A284886E4F20}.Release|Any CPU.ActiveCfg = Release|Any CPU
		{519224B2-32AF-485D-915E-A284886E4F20}.Release|Any CPU.Build.0 = Release|Any CPU
		{151DD5A5-2230-4F92-A02B-AE8AB2523B5E}.Debug|Any CPU.ActiveCfg = Debug|Any CPU
		{151DD5A5-2230-4F92-A02B-AE8AB2523B5E}.Debug|Any CPU.Build.0 = Debug|Any CPU
		{151DD5A5-2230-4F92-A02B-AE8AB2523B5E}.Release|Any CPU.ActiveCfg = Release|Any CPU
		{151DD5A5-2230-4F92-A02B-AE8AB2523B5E}.Release|Any CPU.Build.0 = Release|Any CPU
		{892508EB-445F-41A8-B3A6-5E7C6CC8A66F}.Debug|Any CPU.ActiveCfg = Debug|Any CPU
		{892508EB-445F-41A8-B3A6-5E7C6CC8A66F}.Debug|Any CPU.Build.0 = Debug|Any CPU
		{892508EB-445F-41A8-B3A6-5E7C6CC8A66F}.Release|Any CPU.ActiveCfg = Release|Any CPU
		{892508EB-445F-41A8-B3A6-5E7C6CC8A66F}.Release|Any CPU.Build.0 = Release|Any CPU
		{8FD56A70-4D08-4A2C-AE14-627108896A32}.Debug|Any CPU.ActiveCfg = Debug|Any CPU
		{8FD56A70-4D08-4A2C-AE14-627108896A32}.Debug|Any CPU.Build.0 = Debug|Any CPU
		{8FD56A70-4D08-4A2C-AE14-627108896A32}.Release|Any CPU.ActiveCfg = Release|Any CPU
		{8FD56A70-4D08-4A2C-AE14-627108896A32}.Release|Any CPU.Build.0 = Release|Any CPU
		{BF90C03E-FEAF-4737-858C-3EB86CFDFA42}.Debug|Any CPU.ActiveCfg = Debug|Any CPU
		{BF90C03E-FEAF-4737-858C-3EB86CFDFA42}.Debug|Any CPU.Build.0 = Debug|Any CPU
		{BF90C03E-FEAF-4737-858C-3EB86CFDFA42}.Release|Any CPU.ActiveCfg = Release|Any CPU
		{BF90C03E-FEAF-4737-858C-3EB86CFDFA42}.Release|Any CPU.Build.0 = Release|Any CPU
	EndGlobalSection
	GlobalSection(SolutionProperties) = preSolution
		HideSolutionNode = FALSE
	EndGlobalSection
	GlobalSection(NestedProjects) = preSolution
		{2219A1B3-7126-474D-A524-F3AFB0FE44F8} = {70E3AEA5-1533-4233-9529-0818E47F7E5F}
		{757EAC97-79F8-4B40-B4BC-B709CA09D0C4} = {23E57439-8B35-4316-9383-3F378EEDE3D6}
		{CE1812ED-2166-4568-B365-A0E56DB1A995} = {C0DC2F58-3581-4C35-B0B4-DC0E5DDDD41F}
		{4C41E873-7D0C-4199-A9D7-88398DFAE65C} = {C0DC2F58-3581-4C35-B0B4-DC0E5DDDD41F}
		{519224B2-32AF-485D-915E-A284886E4F20} = {C0DC2F58-3581-4C35-B0B4-DC0E5DDDD41F}
		{151DD5A5-2230-4F92-A02B-AE8AB2523B5E} = {C0DC2F58-3581-4C35-B0B4-DC0E5DDDD41F}
		{892508EB-445F-41A8-B3A6-5E7C6CC8A66F} = {C0DC2F58-3581-4C35-B0B4-DC0E5DDDD41F}
		{8FD56A70-4D08-4A2C-AE14-627108896A32} = {70E3AEA5-1533-4233-9529-0818E47F7E5F}
		{BF90C03E-FEAF-4737-858C-3EB86CFDFA42} = {70E3AEA5-1533-4233-9529-0818E47F7E5F}
	EndGlobalSection
	GlobalSection(ExtensibilityGlobals) = postSolution
		SolutionGuid = {AE5616CD-3701-46DD-A0FA-5EB8586EB7E4}
	EndGlobalSection
EndGlobal
